
Microsoft Visual Studio Solution File, Format Version 12.00
# Visual Studio Version 17
VisualStudioVersion = 17.3.32901.215
MinimumVisualStudioVersion = 10.0.40219.1
Project("{FAE04EC0-301F-11D3-BF4B-00C04F79EFBC}") = "Project", "Project\Project.csproj", "{BAC37165-450D-406E-B95E-FC8D7D766109}"
EndProject
Global
	GlobalSection(SolutionConfigurationPlatforms) = preSolution
		Debug|Any CPU = Debug|Any CPU
		Release|Any CPU = Release|Any CPU
	EndGlobalSection
	GlobalSection(ProjectConfigurationPlatforms) = postSolution
		{BAC37165-450D-406E-B95E-FC8D7D766109}.Debug|Any CPU.ActiveCfg = Debug|Any CPU
		{BAC37165-450D-406E-B95E-FC8D7D766109}.Debug|Any CPU.Build.0 = Debug|Any CPU
		{BAC37165-450D-406E-B95E-FC8D7D766109}.Release|Any CPU.ActiveCfg = Release|Any CPU
		{BAC37165-450D-406E-B95E-FC8D7D766109}.Release|Any CPU.Build.0 = Release|Any CPU
	EndGlobalSection
	GlobalSection(SolutionProperties) = preSolution
		HideSolutionNode = FALSE
	EndGlobalSection
	GlobalSection(ExtensibilityGlobals) = postSolution
		SolutionGuid = {8A317B1B-E7E4-44D6-8561-1A8480ABAF78}
	EndGlobalSection
EndGlobal
